{
  "name": "sample-clean",
  "version": "1.0.0",
  "lockfileVersion": 1,
  "requires": true,
  "dependencies": {
    "qc-agent-internal-placeholder": { "version": "9.9.9", "resolved": "https://registry.npmjs.org/qc-agent-internal-placeholder/-/qc-agent-internal-placeholder-9.9.9.tgz", "integrity": "sha512-AAAAAAAAAAAAAAAAAAAAAAAAAAAAAAAAAAAAAAAAAAAAAAAAAAAAAAAAAAAAAAAAAAAAAAAAAAAAAAAAAAAAAA==" }
  }
}
