{
  "version": "2.0.0",
  "files": {
    "schemas/task_spec.json": "566396903d1ec35bd2342aaa3f7d963467462c35cad8d6d3c4af3c50897a24a9",
    "schemas/result.json": "c1006a444fb1389815f3ce425acbe44883d0d3609c86e3ce3bd79b140d5d0951",
    "workers/_template.yaml": "15d365439452f6f36f442c4aef00678202b0f023b49d873fb49c45c768606be3"
  }
}
